Microsoft Visual Studio Solution File, Format Version 8.00
Project("{8BC9CEB8-8B4A-11D0-8D11-00A0C91BC942}") = "wn", "wn.vcproj", "{3FD3B62F-271E-4234-A185-65EDB331AB79}"
	ProjectSection(ProjectDependencies) = postProject
	EndProjectSection
EndProject
Global
	GlobalSection(SolutionConfiguration) = preSolution
		Debug = Debug
		Release = Release
		Unicode_Debug = Unicode_Debug
		Unicode_Release = Unicode_Release
	EndGlobalSection
	GlobalSection(ProjectConfiguration) = postSolution
		{3FD3B62F-271E-4234-A185-65EDB331AB79}.Debug.ActiveCfg = Debug|Win32
		{3FD3B62F-271E-4234-A185-65EDB331AB79}.Debug.Build.0 = Debug|Win32
		{3FD3B62F-271E-4234-A185-65EDB331AB79}.Release.ActiveCfg = Release|Win32
		{3FD3B62F-271E-4234-A185-65EDB331AB79}.Release.Build.0 = Release|Win32
		{3FD3B62F-271E-4234-A185-65EDB331AB79}.Unicode_Debug.ActiveCfg = Unicode_Debug|Win32
		{3FD3B62F-271E-4234-A185-65EDB331AB79}.Unicode_Debug.Build.0 = Unicode_Debug|Win32
		{3FD3B62F-271E-4234-A185-65EDB331AB79}.Unicode_Release.ActiveCfg = Unicode_Release|Win32
		{3FD3B62F-271E-4234-A185-65EDB331AB79}.Unicode_Release.Build.0 = Unicode_Release|Win32
	EndGlobalSection
	GlobalSection(ExtensibilityGlobals) = postSolution
	EndGlobalSection
	GlobalSection(ExtensibilityAddIns) = postSolution
	EndGlobalSection
EndGlobal
