Microsoft Visual Studio Solution File, Format Version 8.00
Project("{8BC9CEB8-8B4A-11D0-8D11-00A0C91BC942}") = "libqconsh", "libqconsh.vcproj", "{B4BC8645-DA8A-43F1-9137-2073811B9928}"
	ProjectSection(ProjectDependencies) = postProject
	EndProjectSection
EndProject
Global
	GlobalSection(SolutionConfiguration) = preSolution
		Debug = Debug
		Release = Release
	EndGlobalSection
	GlobalSection(ProjectConfiguration) = postSolution
		{B4BC8645-DA8A-43F1-9137-2073811B9928}.Debug.ActiveCfg = Debug|Win32
		{B4BC8645-DA8A-43F1-9137-2073811B9928}.Debug.Build.0 = Debug|Win32
		{B4BC8645-DA8A-43F1-9137-2073811B9928}.Release.ActiveCfg = Release|Win32
		{B4BC8645-DA8A-43F1-9137-2073811B9928}.Release.Build.0 = Release|Win32
	EndGlobalSection
	GlobalSection(ExtensibilityGlobals) = postSolution
	EndGlobalSection
	GlobalSection(ExtensibilityAddIns) = postSolution
	EndGlobalSection
EndGlobal
