Microsoft Visual Studio Solution File, Format Version 8.00
Project("{8BC9CEB8-8B4A-11D0-8D11-00A0C91BC942}") = "kb", "kb.vcproj", "{8F0B1A20-6993-422F-ACAB-76476046D97A}"
	ProjectSection(ProjectDependencies) = postProject
	EndProjectSection
EndProject
Global
	GlobalSection(SolutionConfiguration) = preSolution
		Debug = Debug
		Release = Release
		Unicode_Debug = Unicode_Debug
		Unicode_Release = Unicode_Release
	EndGlobalSection
	GlobalSection(ProjectConfiguration) = postSolution
		{8F0B1A20-6993-422F-ACAB-76476046D97A}.Debug.ActiveCfg = Debug|Win32
		{8F0B1A20-6993-422F-ACAB-76476046D97A}.Debug.Build.0 = Debug|Win32
		{8F0B1A20-6993-422F-ACAB-76476046D97A}.Release.ActiveCfg = Release|Win32
		{8F0B1A20-6993-422F-ACAB-76476046D97A}.Release.Build.0 = Release|Win32
		{8F0B1A20-6993-422F-ACAB-76476046D97A}.Unicode_Debug.ActiveCfg = Unicode_Debug|Win32
		{8F0B1A20-6993-422F-ACAB-76476046D97A}.Unicode_Debug.Build.0 = Unicode_Debug|Win32
		{8F0B1A20-6993-422F-ACAB-76476046D97A}.Unicode_Release.ActiveCfg = Unicode_Release|Win32
		{8F0B1A20-6993-422F-ACAB-76476046D97A}.Unicode_Release.Build.0 = Unicode_Release|Win32
	EndGlobalSection
	GlobalSection(ExtensibilityGlobals) = postSolution
	EndGlobalSection
	GlobalSection(ExtensibilityAddIns) = postSolution
	EndGlobalSection
EndGlobal
